
Microsoft Visual Studio Solution File, Format Version 12.00
# Visual Studio Version 17
VisualStudioVersion = 17.1.32228.430
MinimumVisualStudioVersion = 10.0.40219.1
Project("{2150E333-8FDC-42A3-9474-1A3956D46DE8}") = "Others", "Others", "{32891F65-FBA1-42B2-918E-61F3A9623F2A}"
	ProjectSection(SolutionItems) = preProject
		.editorconfig = .editorconfig
		.gitignore = .gitignore
		global.json = global.json
		NuGet.config = NuGet.config
		.github\workflows\publish-beta.yml = .github\workflows\publish-beta.yml
		.github\workflows\publish.yml = .github\workflows\publish.yml
		Readme.MD = Readme.MD
		.github\workflows\test.yml = .github\workflows\test.yml
	EndProjectSection
EndProject
Project("{9A19103F-16F7-4668-BE54-9A1E7A4F7556}") = "DH.NCore", "DH.NCore\DH.NCore.csproj", "{5813C22E-EEB3-4DEE-A45C-BB218041193A}"
EndProject
Project("{2150E333-8FDC-42A3-9474-1A3956D46DE8}") = "UnitTest", "UnitTest", "{D13442C5-1EB5-4C72-BEFF-7927D1319CCC}"
EndProject
Project("{FAE04EC0-301F-11D3-BF4B-00C04F79EFBC}") = "XUnitTest.Core", "XUnitTest.Core\XUnitTest.Core.csproj", "{792A796F-31D0-40D7-A852-2A7E4F9AC1C7}"
EndProject
Project("{FAE04EC0-301F-11D3-BF4B-00C04F79EFBC}") = "DH.NSecurity", "DH.NSecurity\DH.NSecurity.csproj", "{69824F08-6363-45B4-B555-208D8C2BA78A}"
EndProject
Global
	GlobalSection(SolutionConfigurationPlatforms) = preSolution
		Debug|Any CPU = Debug|Any CPU
		Debug|iPhone = Debug|iPhone
		Debug|iPhoneSimulator = Debug|iPhoneSimulator
		Release|Any CPU = Release|Any CPU
		Release|iPhone = Release|iPhone
		Release|iPhoneSimulator = Release|iPhoneSimulator
	EndGlobalSection
	GlobalSection(ProjectConfigurationPlatforms) = postSolution
		{5813C22E-EEB3-4DEE-A45C-BB218041193A}.Debug|Any CPU.ActiveCfg = Debug|Any CPU
		{5813C22E-EEB3-4DEE-A45C-BB218041193A}.Debug|Any CPU.Build.0 = Debug|Any CPU
		{5813C22E-EEB3-4DEE-A45C-BB218041193A}.Debug|iPhone.ActiveCfg = Debug|Any CPU
		{5813C22E-EEB3-4DEE-A45C-BB218041193A}.Debug|iPhone.Build.0 = Debug|Any CPU
		{5813C22E-EEB3-4DEE-A45C-BB218041193A}.Debug|iPhoneSimulator.ActiveCfg = Debug|Any CPU
		{5813C22E-EEB3-4DEE-A45C-BB218041193A}.Debug|iPhoneSimulator.Build.0 = Debug|Any CPU
		{5813C22E-EEB3-4DEE-A45C-BB218041193A}.Release|Any CPU.ActiveCfg = Release|Any CPU
		{5813C22E-EEB3-4DEE-A45C-BB218041193A}.Release|Any CPU.Build.0 = Release|Any CPU
		{5813C22E-EEB3-4DEE-A45C-BB218041193A}.Release|iPhone.ActiveCfg = Release|Any CPU
		{5813C22E-EEB3-4DEE-A45C-BB218041193A}.Release|iPhone.Build.0 = Release|Any CPU
		{5813C22E-EEB3-4DEE-A45C-BB218041193A}.Release|iPhoneSimulator.ActiveCfg = Release|Any CPU
		{5813C22E-EEB3-4DEE-A45C-BB218041193A}.Release|iPhoneSimulator.Build.0 = Release|Any CPU
		{792A796F-31D0-40D7-A852-2A7E4F9AC1C7}.Debug|Any CPU.ActiveCfg = Debug|Any CPU
		{792A796F-31D0-40D7-A852-2A7E4F9AC1C7}.Debug|Any CPU.Build.0 = Debug|Any CPU
		{792A796F-31D0-40D7-A852-2A7E4F9AC1C7}.Debug|iPhone.ActiveCfg = Debug|Any CPU
		{792A796F-31D0-40D7-A852-2A7E4F9AC1C7}.Debug|iPhone.Build.0 = Debug|Any CPU
		{792A796F-31D0-40D7-A852-2A7E4F9AC1C7}.Debug|iPhoneSimulator.ActiveCfg = Debug|Any CPU
		{792A796F-31D0-40D7-A852-2A7E4F9AC1C7}.Debug|iPhoneSimulator.Build.0 = Debug|Any CPU
		{792A796F-31D0-40D7-A852-2A7E4F9AC1C7}.Release|Any CPU.ActiveCfg = Release|Any CPU
		{792A796F-31D0-40D7-A852-2A7E4F9AC1C7}.Release|Any CPU.Build.0 = Release|Any CPU
		{792A796F-31D0-40D7-A852-2A7E4F9AC1C7}.Release|iPhone.ActiveCfg = Release|Any CPU
		{792A796F-31D0-40D7-A852-2A7E4F9AC1C7}.Release|iPhone.Build.0 = Release|Any CPU
		{792A796F-31D0-40D7-A852-2A7E4F9AC1C7}.Release|iPhoneSimulator.ActiveCfg = Release|Any CPU
		{792A796F-31D0-40D7-A852-2A7E4F9AC1C7}.Release|iPhoneSimulator.Build.0 = Release|Any CPU
		{69824F08-6363-45B4-B555-208D8C2BA78A}.Debug|Any CPU.ActiveCfg = Debug|Any CPU
		{69824F08-6363-45B4-B555-208D8C2BA78A}.Debug|Any CPU.Build.0 = Debug|Any CPU
		{69824F08-6363-45B4-B555-208D8C2BA78A}.Debug|iPhone.ActiveCfg = Debug|Any CPU
		{69824F08-6363-45B4-B555-208D8C2BA78A}.Debug|iPhone.Build.0 = Debug|Any CPU
		{69824F08-6363-45B4-B555-208D8C2BA78A}.Debug|iPhoneSimulator.ActiveCfg = Debug|Any CPU
		{69824F08-6363-45B4-B555-208D8C2BA78A}.Debug|iPhoneSimulator.Build.0 = Debug|Any CPU
		{69824F08-6363-45B4-B555-208D8C2BA78A}.Release|Any CPU.ActiveCfg = Release|Any CPU
		{69824F08-6363-45B4-B555-208D8C2BA78A}.Release|Any CPU.Build.0 = Release|Any CPU
		{69824F08-6363-45B4-B555-208D8C2BA78A}.Release|iPhone.ActiveCfg = Release|Any CPU
		{69824F08-6363-45B4-B555-208D8C2BA78A}.Release|iPhone.Build.0 = Release|Any CPU
		{69824F08-6363-45B4-B555-208D8C2BA78A}.Release|iPhoneSimulator.ActiveCfg = Release|Any CPU
		{69824F08-6363-45B4-B555-208D8C2BA78A}.Release|iPhoneSimulator.Build.0 = Release|Any CPU
	EndGlobalSection
	GlobalSection(SolutionProperties) = preSolution
		HideSolutionNode = FALSE
	EndGlobalSection
	GlobalSection(NestedProjects) = preSolution
		{792A796F-31D0-40D7-A852-2A7E4F9AC1C7} = {D13442C5-1EB5-4C72-BEFF-7927D1319CCC}
	EndGlobalSection
	GlobalSection(ExtensibilityGlobals) = postSolution
		SolutionGuid = {6AEA440B-0D90-4F6E-BA9A-D42B27A78D7B}
	EndGlobalSection
EndGlobal
